
Microsoft Visual Studio Solution File, Format Version 12.00
# Visual Studio Version 16
VisualStudioVersion = 16.0.32510.428
MinimumVisualStudioVersion = 10.0.40219.1
Project("{8BC9CEB8-8B4A-11D0-8D11-00A0C91BC942}") = "ren", "ren.vcxproj", "{3B1278ED-70CB-4065-85DB-89F42E80A14D}"
EndProject
Global
	GlobalSection(SolutionConfigurationPlatforms) = preSolution
		Debug|x86 = Debug|x86
		Release|x86 = Release|x86
	EndGlobalSection
	GlobalSection(ProjectConfigurationPlatforms) = postSolution
		{3B1278ED-70CB-4065-85DB-89F42E80A14D}.Debug|x86.ActiveCfg = Release|Win32
		{3B1278ED-70CB-4065-85DB-89F42E80A14D}.Debug|x86.Build.0 = Release|Win32
		{3B1278ED-70CB-4065-85DB-89F42E80A14D}.Release|x86.ActiveCfg = Release|Win32
		{3B1278ED-70CB-4065-85DB-89F42E80A14D}.Release|x86.Build.0 = Release|Win32
	EndGlobalSection
	GlobalSection(SolutionProperties) = preSolution
		HideSolutionNode = FALSE
	EndGlobalSection
	GlobalSection(ExtensibilityGlobals) = postSolution
		SolutionGuid = {46A74CC8-E14F-436B-8632-86B57E9947E6}
	EndGlobalSection
EndGlobal
