<?xml version="1.0" encoding="utf-8"?>
<Project ToolsVersion="4.0" xmlns="http://schemas.microsoft.com/developer/msbuild/2003">
  <ItemGroup>
    <Filter Include="Source Files">
      <UniqueIdentifier>{4FC737F1-C7A5-4376-A066-2A32D752A2FF}</UniqueIdentifier>
      <Extensions>cpp;c;cc;cxx;c++;cppm;ixx;def;odl;idl;hpj;bat;asm;asmx</Extensions>
    </Filter>
    <Filter Include="Header Files">
      <UniqueIdentifier>{93995380-89BD-4b04-88EB-625FBE52EBFB}</UniqueIdentifier>
      <Extensions>h;hh;hpp;hxx;h++;hm;inl;inc;ipp;xsd</Extensions>
    </Filter>
    <Filter Include="Resource Files">
      <UniqueIdentifier>{67DA6AB6-F800-4c08-8B7A-83BB121AAD01}</UniqueIdentifier>
      <Extensions>rc;ico;cur;bmp;dlg;rc2;rct;bin;rgs;gif;jpg;jpeg;jpe;resx;tiff;tif;png;wav;mfcribbon-ms</Extensions>
    </Filter>
  </ItemGroup>
  <ItemGroup>
    <ClCompile Include="..\discrete_src\vm\index.cpp">
      <Filter>Source Files</Filter>
    </ClCompile>
    <ClCompile Include="..\discrete_src\vm\operations.cpp">
      <Filter>Source Files</Filter>
    </ClCompile>
    <ClCompile Include="..\discrete_src\vm\vm.cpp">
      <Filter>Source Files</Filter>
    </ClCompile>
    <ClCompile Include="..\discrete_src\utils\serializer.cpp">
      <Filter>Source Files</Filter>
    </ClCompile>
    <ClCompile Include="..\discrete_src\utils\utils.cpp">
      <Filter>Source Files</Filter>
    </ClCompile>
    <ClCompile Include="..\discrete_src\lib\std.cpp">
      <Filter>Source Files</Filter>
    </ClCompile>
    <ClCompile Include="..\discrete_src\lib\std_io.cpp">
      <Filter>Source Files</Filter>
    </ClCompile>
    <ClCompile Include="..\discrete_src\lib\std_io_win32.cpp">
      <Filter>Source Files</Filter>
    </ClCompile>
    <ClCompile Include="..\discrete_src\lib\std_math.cpp">
      <Filter>Source Files</Filter>
    </ClCompile>
    <ClCompile Include="..\discrete_src\lib\std_msg.cpp">
      <Filter>Source Files</Filter>
    </ClCompile>
    <ClCompile Include="..\discrete_src\lib\std_serialize.cpp">
      <Filter>Source Files</Filter>
    </ClCompile>
    <ClCompile Include="..\discrete_src\lib\std_string.cpp">
      <Filter>Source Files</Filter>
    </ClCompile>
    <ClCompile Include="..\discrete_src\lib\std_sys.cpp">
      <Filter>Source Files</Filter>
    </ClCompile>
    <ClCompile Include="..\discrete_src\cc\cc.cpp">
      <Filter>Source Files</Filter>
    </ClCompile>
    <ClCompile Include="..\discrete_src\utils\win32_comm.cpp" />
    <ClCompile Include="..\discrete_src\utils\wrench_cli.cpp" />
    <ClCompile Include="..\discrete_src\lib\debug_lib.cpp">
      <Filter>Source Files</Filter>
    </ClCompile>
    <ClCompile Include="..\discrete_src\cc\expression.cpp">
      <Filter>Source Files</Filter>
    </ClCompile>
    <ClCompile Include="..\discrete_src\cc\link.cpp">
      <Filter>Source Files</Filter>
    </ClCompile>
    <ClCompile Include="..\discrete_src\cc\optimizer.cpp">
      <Filter>Source Files</Filter>
    </ClCompile>
    <ClCompile Include="..\discrete_src\cc\token.cpp">
      <Filter>Source Files</Filter>
    </ClCompile>
    <ClCompile Include="..\discrete_src\debug\server_interface_private.cpp">
      <Filter>Source Files</Filter>
    </ClCompile>
    <ClCompile Include="..\discrete_src\vm\scheduler.cpp">
      <Filter>Source Files</Filter>
    </ClCompile>
    <ClCompile Include="..\discrete_src\debug\client_debug.cpp">
      <Filter>Source Files</Filter>
    </ClCompile>
    <ClCompile Include="..\discrete_src\debug\packet.cpp">
      <Filter>Source Files</Filter>
    </ClCompile>
    <ClCompile Include="..\discrete_src\debug\server_debug.cpp">
      <Filter>Source Files</Filter>
    </ClCompile>
    <ClCompile Include="..\discrete_src\vm\gc.cpp">
      <Filter>Source Files</Filter>
    </ClCompile>
    <ClCompile Include="..\discrete_src\debug\debug.cpp">
      <Filter>Source Files</Filter>
    </ClCompile>
    <ClCompile Include="..\discrete_src\utils\debugger.cpp">
      <Filter>Source Files</Filter>
    </ClCompile>
    <ClCompile Include="..\discrete_src\debug\disassemble.cpp">
      <Filter>Source Files</Filter>
    </ClCompile>
  </ItemGroup>
  <ItemGroup>
    <ClInclude Include="..\discrete_src\vm\vm.h">
      <Filter>Header Files</Filter>
    </ClInclude>
    <ClInclude Include="..\discrete_src\wrench.h">
      <Filter>Header Files</Filter>
    </ClInclude>
    <ClInclude Include="..\discrete_src\vm\gc_object.h">
      <Filter>Header Files</Filter>
    </ClInclude>
    <ClInclude Include="..\discrete_src\utils\opcode.h">
      <Filter>Header Files</Filter>
    </ClInclude>
    <ClInclude Include="..\discrete_src\utils\serializer.h">
      <Filter>Header Files</Filter>
    </ClInclude>
    <ClInclude Include="..\discrete_src\utils\simple_ll.h">
      <Filter>Header Files</Filter>
    </ClInclude>
    <ClInclude Include="..\discrete_src\utils\str.h">
      <Filter>Header Files</Filter>
    </ClInclude>
    <ClInclude Include="..\discrete_src\utils\utils.h">
      <Filter>Header Files</Filter>
    </ClInclude>
    <ClInclude Include="..\discrete_src\lib\std_io_defs.h">
      <Filter>Header Files</Filter>
    </ClInclude>
    <ClInclude Include="..\discrete_src\cc\cc.h">
      <Filter>Header Files</Filter>
    </ClInclude>
    <ClInclude Include="..\discrete_src\cc\opcode_stream.h">
      <Filter>Header Files</Filter>
    </ClInclude>
    <ClInclude Include="..\discrete_src\debug\wrench_debug.h">
      <Filter>Header Files</Filter>
    </ClInclude>
    <ClInclude Include="..\discrete_src\utils\serial_comm.h">
      <Filter>Source Files</Filter>
    </ClInclude>
    <ClInclude Include="..\discrete_src\utils\debug_client.h">
      <Filter>Header Files</Filter>
    </ClInclude>
    <ClInclude Include="..\discrete_src\cc\str.h">
      <Filter>Header Files</Filter>
    </ClInclude>
    <ClInclude Include="..\discrete_src\debug\debug.h">
      <Filter>Source Files</Filter>
    </ClInclude>
    <ClInclude Include="..\discrete_src\utils\debugger.h">
      <Filter>Source Files</Filter>
    </ClInclude>
  </ItemGroup>
</Project>